// !$*UTF8*$!
{
	archiveVersion = 1;
	classes = {
	};
	objectVersion = 50;
	objects = {

/* Begin PBXBuildFile section */
		4836EE4E26D9C6BA002D9B34 /* BookInfoApp.swift in Sources */ = {isa = PBXBuildFile; fileRef = 4836EE4D26D9C6BA002D9B34 /* BookInfoApp.swift */; };
		4836EE5026D9C6BA002D9B34 /* ContentView.swift in Sources */ = {isa = PBXBuildFile; fileRef = 4836EE4F26D9C6BA002D9B34 /* ContentView.swift */; };
		4836EE5226D9C6BA002D9B34 /* Assets.xcassets in Resources */ = {isa = PBXBuildFile; fileRef = 4836EE5126D9C6BA002D9B34 /* Assets.xcassets */; };
		4836EE5526D9C6BA002D9B34 /* Preview Assets.xcassets in Resources */ = {isa = PBXBuildFile; fileRef = 4836EE5426D9C6BA002D9B34 /* Preview Assets.xcassets */; };
		4836EE6026D9C6BA002D9B34 /* BookInfoTests.swift in Sources */ = {isa = PBXBuildFile; fileRef = 4836EE5F26D9C6BA002D9B34 /* BookInfoTests.swift */; };
		4836EE6B26D9C6BA002D9B34 /* BookInfoUITests.swift in Sources */ = {isa = PBXBuildFile; fileRef = 4836EE6A26D9C6BA002D9B34 /* BookInfoUITests.swift */; };
		4836EE7926D9C8DC002D9B34 /* BarCodeScanner.swift in Sources */ = {isa = PBXBuildFile; fileRef = 4836EE7826D9C8DC002D9B34 /* BarCodeScanner.swift */; };
		4836EE7B26D9CCDC002D9B34 /* BookSearchManager.swift in Sources */ = {isa = PBXBuildFile; fileRef = 4836EE7A26D9CCDC002D9B34 /* BookSearchManager.swift */; };
		4836EE7D26D9CCF8002D9B34 /* Book.swift in Sources */ = {isa = PBXBuildFile; fileRef = 4836EE7C26D9CCF8002D9B34 /* Book.swift */; };
		486374B226E0618900720896 /* QRCodeGenerator.swift in Sources */ = {isa = PBXBuildFile; fileRef = 486374B126E0618800720896 /* QRCodeGenerator.swift */; };
		486374B426E0694A00720896 /* ImageSaver.swift in Sources */ = {isa = PBXBuildFile; fileRef = 486374B326E0694A00720896 /* ImageSaver.swift */; };
/* End PBXBuildFile section */

/* Begin PBXContainerItemProxy section */
		4836EE5C26D9C6BA002D9B34 /* PBXContainerItemProxy */ = {
			isa = PBXContainerItemProxy;
			containerPortal = 4836EE4226D9C6B9002D9B34 /* Project object */;
			proxyType = 1;
			remoteGlobalIDString = 4836EE4926D9C6BA002D9B34;
			remoteInfo = BookInfo;
		};
		4836EE6726D9C6BA002D9B34 /* PBXContainerItemProxy */ = {
			isa = PBXContainerItemProxy;
			containerPortal = 4836EE4226D9C6B9002D9B34 /* Project object */;
			proxyType = 1;
			remoteGlobalIDString = 4836EE4926D9C6BA002D9B34;
			remoteInfo = BookInfo;
		};
/* End PBXContainerItemProxy section */

/* Begin PBXFileReference section */
		4836EE4A26D9C6BA002D9B34 /* もしもBooks.app */ = {isa = PBXFileReference; explicitFileType = wrapper.application; includeInIndex = 0; path = "もしもBooks.app"; sourceTree = BUILT_PRODUCTS_DIR; };
		4836EE4D26D9C6BA002D9B34 /* BookInfoApp.swift */ = {isa = PBXFileReference; lastKnownFileType = sourcecode.swift; path = BookInfoApp.swift; sourceTree = "<group>"; };
		4836EE4F26D9C6BA002D9B34 /* ContentView.swift */ = {isa = PBXFileReference; lastKnownFileType = sourcecode.swift; path = ContentView.swift; sourceTree = "<group>"; };
		4836EE5126D9C6BA002D9B34 /* Assets.xcassets */ = {isa = PBXFileReference; lastKnownFileType = folder.assetcatalog; path = Assets.xcassets; sourceTree = "<group>"; };
		4836EE5426D9C6BA002D9B34 /* Preview Assets.xcassets */ = {isa = PBXFileReference; lastKnownFileType = folder.assetcatalog; path = "Preview Assets.xcassets"; sourceTree = "<group>"; };
		4836EE5626D9C6BA002D9B34 /* Info.plist */ = {isa = PBXFileReference; lastKnownFileType = text.plist.xml; path = Info.plist; sourceTree = "<group>"; };
		4836EE5B26D9C6BA002D9B34 /* もしもBooksTests.xctest */ = {isa = PBXFileReference; explicitFileType = wrapper.cfbundle; includeInIndex = 0; path = "もしもBooksTests.xctest"; sourceTree = BUILT_PRODUCTS_DIR; };
		4836EE5F26D9C6BA002D9B34 /* BookInfoTests.swift */ = {isa = PBXFileReference; lastKnownFileType = sourcecode.swift; path = BookInfoTests.swift; sourceTree = "<group>"; };
		4836EE6126D9C6BA002D9B34 /* Info.plist */ = {isa = PBXFileReference; lastKnownFileType = text.plist.xml; path = Info.plist; sourceTree = "<group>"; };
		4836EE6626D9C6BA002D9B34 /* もしもBooksUITests.xctest */ = {isa = PBXFileReference; explicitFileType = wrapper.cfbundle; includeInIndex = 0; path = "もしもBooksUITests.xctest"; sourceTree = BUILT_PRODUCTS_DIR; };
		4836EE6A26D9C6BA002D9B34 /* BookInfoUITests.swift */ = {isa = PBXFileReference; lastKnownFileType = sourcecode.swift; path = BookInfoUITests.swift; sourceTree = "<group>"; };
		4836EE6C26D9C6BA002D9B34 /* Info.plist */ = {isa = PBXFileReference; lastKnownFileType = text.plist.xml; path = Info.plist; sourceTree = "<group>"; };
		4836EE7826D9C8DC002D9B34 /* BarCodeScanner.swift */ = {isa = PBXFileReference; lastKnownFileType = sourcecode.swift; path = BarCodeScanner.swift; sourceTree = "<group>"; };
		4836EE7A26D9CCDC002D9B34 /* BookSearchManager.swift */ = {isa = PBXFileReference; lastKnownFileType = sourcecode.swift; path = BookSearchManager.swift; sourceTree = "<group>"; };
		4836EE7C26D9CCF8002D9B34 /* Book.swift */ = {isa = PBXFileReference; lastKnownFileType = sourcecode.swift; path = Book.swift; sourceTree = "<group>"; };
		486374B126E0618800720896 /* QRCodeGenerator.swift */ = {isa = PBXFileReference; lastKnownFileType = sourcecode.swift; path = QRCodeGenerator.swift; sourceTree = "<group>"; };
		486374B326E0694A00720896 /* ImageSaver.swift */ = {isa = PBXFileReference; lastKnownFileType = sourcecode.swift; path = ImageSaver.swift; sourceTree = "<group>"; };
/* End PBXFileReference section */

/* Begin PBXFrameworksBuildPhase section */
		4836EE4726D9C6BA002D9B34 /* Frameworks */ = {
			isa = PBXFrameworksBuildPhase;
			buildActionMask = 2147483647;
			files = (
			);
			runOnlyForDeploymentPostprocessing = 0;
		};
		4836EE5826D9C6BA002D9B34 /* Frameworks */ = {
			isa = PBXFrameworksBuildPhase;
			buildActionMask = 2147483647;
			files = (
			);
			runOnlyForDeploymentPostprocessing = 0;
		};
		4836EE6326D9C6BA002D9B34 /* Frameworks */ = {
			isa = PBXFrameworksBuildPhase;
			buildActionMask = 2147483647;
			files = (
			);
			runOnlyForDeploymentPostprocessing = 0;
		};
/* End PBXFrameworksBuildPhase section */

/* Begin PBXGroup section */
		4836EE4126D9C6B9002D9B34 = {
			isa = PBXGroup;
			children = (
				4836EE4C26D9C6BA002D9B34 /* BookInfo */,
				4836EE5E26D9C6BA002D9B34 /* BookInfoTests */,
				4836EE6926D9C6BA002D9B34 /* BookInfoUITests */,
				4836EE4B26D9C6BA002D9B34 /* Products */,
			);
			sourceTree = "<group>";
		};
		4836EE4B26D9C6BA002D9B34 /* Products */ = {
			isa = PBXGroup;
			children = (
				4836EE4A26D9C6BA002D9B34 /* もしもBooks.app */,
				4836EE5B26D9C6BA002D9B34 /* もしもBooksTests.xctest */,
				4836EE6626D9C6BA002D9B34 /* もしもBooksUITests.xctest */,
			);
			name = Products;
			sourceTree = "<group>";
		};
		4836EE4C26D9C6BA002D9B34 /* BookInfo */ = {
			isa = PBXGroup;
			children = (
				4836EE4D26D9C6BA002D9B34 /* BookInfoApp.swift */,
				4836EE4F26D9C6BA002D9B34 /* ContentView.swift */,
				486374B126E0618800720896 /* QRCodeGenerator.swift */,
				486374B326E0694A00720896 /* ImageSaver.swift */,
				4836EE7826D9C8DC002D9B34 /* BarCodeScanner.swift */,
				4836EE7A26D9CCDC002D9B34 /* BookSearchManager.swift */,
				4836EE7C26D9CCF8002D9B34 /* Book.swift */,
				4836EE5126D9C6BA002D9B34 /* Assets.xcassets */,
				4836EE5626D9C6BA002D9B34 /* Info.plist */,
				4836EE5326D9C6BA002D9B34 /* Preview Content */,
			);
			path = BookInfo;
			sourceTree = "<group>";
		};
		4836EE5326D9C6BA002D9B34 /* Preview Content */ = {
			isa = PBXGroup;
			children = (
				4836EE5426D9C6BA002D9B34 /* Preview Assets.xcassets */,
			);
			path = "Preview Content";
			sourceTree = "<group>";
		};
		4836EE5E26D9C6BA002D9B34 /* BookInfoTests */ = {
			isa = PBXGroup;
			children = (
				4836EE5F26D9C6BA002D9B34 /* BookInfoTests.swift */,
				4836EE6126D9C6BA002D9B34 /* Info.plist */,
			);
			path = BookInfoTests;
			sourceTree = "<group>";
		};
		4836EE6926D9C6BA002D9B34 /* BookInfoUITests */ = {
			isa = PBXGroup;
			children = (
				4836EE6A26D9C6BA002D9B34 /* BookInfoUITests.swift */,
				4836EE6C26D9C6BA002D9B34 /* Info.plist */,
			);
			path = BookInfoUITests;
			sourceTree = "<group>";
		};
/* End PBXGroup section */

/* Begin PBXNativeTarget section */
		4836EE4926D9C6BA002D9B34 /* もしもBooks */ = {
			isa = PBXNativeTarget;
			buildConfigurationList = 4836EE6F26D9C6BA002D9B34 /* Build configuration list for PBXNativeTarget "もしもBooks" */;
			buildPhases = (
				4836EE4626D9C6BA002D9B34 /* Sources */,
				4836EE4726D9C6BA002D9B34 /* Frameworks */,
				4836EE4826D9C6BA002D9B34 /* Resources */,
			);
			buildRules = (
			);
			dependencies = (
			);
			name = "もしもBooks";
			productName = BookInfo;
			productReference = 4836EE4A26D9C6BA002D9B34 /* もしもBooks.app */;
			productType = "com.apple.product-type.application";
		};
		4836EE5A26D9C6BA002D9B34 /* もしもBooksTests */ = {
			isa = PBXNativeTarget;
			buildConfigurationList = 4836EE7226D9C6BA002D9B34 /* Build configuration list for PBXNativeTarget "もしもBooksTests" */;
			buildPhases = (
				4836EE5726D9C6BA002D9B34 /* Sources */,
				4836EE5826D9C6BA002D9B34 /* Frameworks */,
				4836EE5926D9C6BA002D9B34 /* Resources */,
			);
			buildRules = (
			);
			dependencies = (
				4836EE5D26D9C6BA002D9B34 /* PBXTargetDependency */,
			);
			name = "もしもBooksTests";
			productName = BookInfoTests;
			productReference = 4836EE5B26D9C6BA002D9B34 /* もしもBooksTests.xctest */;
			productType = "com.apple.product-type.bundle.unit-test";
		};
		4836EE6526D9C6BA002D9B34 /* もしもBooksUITests */ = {
			isa = PBXNativeTarget;
			buildConfigurationList = 4836EE7526D9C6BA002D9B34 /* Build configuration list for PBXNativeTarget "もしもBooksUITests" */;
			buildPhases = (
				4836EE6226D9C6BA002D9B34 /* Sources */,
				4836EE6326D9C6BA002D9B34 /* Frameworks */,
				4836EE6426D9C6BA002D9B34 /* Resources */,
			);
			buildRules = (
			);
			dependencies = (
				4836EE6826D9C6BA002D9B34 /* PBXTargetDependency */,
			);
			name = "もしもBooksUITests";
			productName = BookInfoUITests;
			productReference = 4836EE6626D9C6BA002D9B34 /* もしもBooksUITests.xctest */;
			productType = "com.apple.product-type.bundle.ui-testing";
		};
/* End PBXNativeTarget section */

/* Begin PBXProject section */
		4836EE4226D9C6B9002D9B34 /* Project object */ = {
			isa = PBXProject;
			attributes = {
				LastSwiftUpdateCheck = 1250;
				LastUpgradeCheck = 1250;
				TargetAttributes = {
					4836EE4926D9C6BA002D9B34 = {
						CreatedOnToolsVersion = 12.5.1;
					};
					4836EE5A26D9C6BA002D9B34 = {
						CreatedOnToolsVersion = 12.5.1;
						TestTargetID = 4836EE4926D9C6BA002D9B34;
					};
					4836EE6526D9C6BA002D9B34 = {
						CreatedOnToolsVersion = 12.5.1;
						TestTargetID = 4836EE4926D9C6BA002D9B34;
					};
				};
			};
			buildConfigurationList = 4836EE4526D9C6BA002D9B34 /* Build configuration list for PBXProject "もしもBooks" */;
			compatibilityVersion = "Xcode 9.3";
			developmentRegion = en;
			hasScannedForEncodings = 0;
			knownRegions = (
				en,
				Base,
			);
			mainGroup = 4836EE4126D9C6B9002D9B34;
			productRefGroup = 4836EE4B26D9C6BA002D9B34 /* Products */;
			projectDirPath = "";
			projectRoot = "";
			targets = (
				4836EE4926D9C6BA002D9B34 /* もしもBooks */,
				4836EE5A26D9C6BA002D9B34 /* もしもBooksTests */,
				4836EE6526D9C6BA002D9B34 /* もしもBooksUITests */,
			);
		};
/* End PBXProject section */

/* Begin PBXResourcesBuildPhase section */
		4836EE4826D9C6BA002D9B34 /* Resources */ = {
			isa = PBXResourcesBuildPhase;
			buildActionMask = 2147483647;
			files = (
				4836EE5526D9C6BA002D9B34 /* Preview Assets.xcassets in Resources */,
				4836EE5226D9C6BA002D9B34 /* Assets.xcassets in Resources */,
			);
			runOnlyForDeploymentPostprocessing = 0;
		};
		4836EE5926D9C6BA002D9B34 /* Resources */ = {
			isa = PBXResourcesBuildPhase;
			buildActionMask = 2147483647;
			files = (
			);
			runOnlyForDeploymentPostprocessing = 0;
		};
		4836EE6426D9C6BA002D9B34 /* Resources */ = {
			isa = PBXResourcesBuildPhase;
			buildActionMask = 2147483647;
			files = (
			);
			runOnlyForDeploymentPostprocessing = 0;
		};
/* End PBXResourcesBuildPhase section */

/* Begin PBXSourcesBuildPhase section */
		4836EE4626D9C6BA002D9B34 /* Sources */ = {
			isa = PBXSourcesBuildPhase;
			buildActionMask = 2147483647;
			files = (
				4836EE5026D9C6BA002D9B34 /* ContentView.swift in Sources */,
				486374B226E0618900720896 /* QRCodeGenerator.swift in Sources */,
				4836EE4E26D9C6BA002D9B34 /* BookInfoApp.swift in Sources */,
				486374B426E0694A00720896 /* ImageSaver.swift in Sources */,
				4836EE7B26D9CCDC002D9B34 /* BookSearchManager.swift in Sources */,
				4836EE7D26D9CCF8002D9B34 /* Book.swift in Sources */,
				4836EE7926D9C8DC002D9B34 /* BarCodeScanner.swift in Sources */,
			);
			runOnlyForDeploymentPostprocessing = 0;
		};
		4836EE5726D9C6BA002D9B34 /* Sources */ = {
			isa = PBXSourcesBuildPhase;
			buildActionMask = 2147483647;
			files = (
				4836EE6026D9C6BA002D9B34 /* BookInfoTests.swift in Sources */,
			);
			runOnlyForDeploymentPostprocessing = 0;
		};
		4836EE6226D9C6BA002D9B34 /* Sources */ = {
			isa = PBXSourcesBuildPhase;
			buildActionMask = 2147483647;
			files = (
				4836EE6B26D9C6BA002D9B34 /* BookInfoUITests.swift in Sources */,
			);
			runOnlyForDeploymentPostprocessing = 0;
		};
/* End PBXSourcesBuildPhase section */

/* Begin PBXTargetDependency section */
		4836EE5D26D9C6BA002D9B34 /* PBXTargetDependency */ = {
			isa = PBXTargetDependency;
			target = 4836EE4926D9C6BA002D9B34 /* もしもBooks */;
			targetProxy = 4836EE5C26D9C6BA002D9B34 /* PBXContainerItemProxy */;
		};
		4836EE6826D9C6BA002D9B34 /* PBXTargetDependency */ = {
			isa = PBXTargetDependency;
			target = 4836EE4926D9C6BA002D9B34 /* もしもBooks */;
			targetProxy = 4836EE6726D9C6BA002D9B34 /* PBXContainerItemProxy */;
		};
/* End PBXTargetDependency section */

/* Begin XCBuildConfiguration section */
		4836EE6D26D9C6BA002D9B34 /* Debug */ = {
			isa = XCBuildConfiguration;
			buildSettings = {
				ALWAYS_SEARCH_USER_PATHS = NO;
				CLANG_ANALYZER_NONNULL = YES;
				CLANG_ANALYZER_NUMBER_OBJECT_CONVERSION = YES_AGGRESSIVE;
				CLANG_CXX_LANGUAGE_STANDARD = "gnu++14";
				CLANG_CXX_LIBRARY = "libc++";
				CLANG_ENABLE_MODULES = YES;
				CLANG_ENABLE_OBJC_ARC = YES;
				CLANG_ENABLE_OBJC_WEAK = YES;
				CLANG_WARN_BLOCK_CAPTURE_AUTORELEASING = YES;
				CLANG_WARN_BOOL_CONVERSION = YES;
				CLANG_WARN_COMMA = YES;
				CLANG_WARN_CONSTANT_CONVERSION = YES;
				CLANG_WARN_DEPRECATED_OBJC_IMPLEMENTATIONS = YES;
				CLANG_WARN_DIRECT_OBJC_ISA_USAGE = YES_ERROR;
				CLANG_WARN_DOCUMENTATION_COMMENTS = YES;
				CLANG_WARN_EMPTY_BODY = YES;
				CLANG_WARN_ENUM_CONVERSION = YES;
				CLANG_WARN_INFINITE_RECURSION = YES;
				CLANG_WARN_INT_CONVERSION = YES;
				CLANG_WARN_NON_LITERAL_NULL_CONVERSION = YES;
				CLANG_WARN_OBJC_IMPLICIT_RETAIN_SELF = YES;
				CLANG_WARN_OBJC_LITERAL_CONVERSION = YES;
				CLANG_WARN_OBJC_ROOT_CLASS = YES_ERROR;
				CLANG_WARN_QUOTED_INCLUDE_IN_FRAMEWORK_HEADER = YES;
				CLANG_WARN_RANGE_LOOP_ANALYSIS = YES;
				CLANG_WARN_STRICT_PROTOTYPES = YES;
				CLANG_WARN_SUSPICIOUS_MOVE = YES;
				CLANG_WARN_UNGUARDED_AVAILABILITY = YES_AGGRESSIVE;
				CLANG_WARN_UNREACHABLE_CODE = YES;
				CLANG_WARN__DUPLICATE_METHOD_MATCH = YES;
				COPY_PHASE_STRIP = NO;
				DEBUG_INFORMATION_FORMAT = dwarf;
				ENABLE_STRICT_OBJC_MSGSEND = YES;
				ENABLE_TESTABILITY = YES;
				GCC_C_LANGUAGE_STANDARD = gnu11;
				GCC_DYNAMIC_NO_PIC = NO;
				GCC_NO_COMMON_BLOCKS = YES;
				GCC_OPTIMIZATION_LEVEL = 0;
				GCC_PREPROCESSOR_DEFINITIONS = (
					"DEBUG=1",
					"$(inherited)",
				);
				GCC_WARN_64_TO_32_BIT_CONVERSION = YES;
				GCC_WARN_ABOUT_RETURN_TYPE = YES_ERROR;
				GCC_WARN_UNDECLARED_SELECTOR = YES;
				GCC_WARN_UNINITIALIZED_AUTOS = YES_AGGRESSIVE;
				GCC_WARN_UNUSED_FUNCTION = YES;
				GCC_WARN_UNUSED_VARIABLE = YES;
				IPHONEOS_DEPLOYMENT_TARGET = 14.5;
				MTL_ENABLE_DEBUG_INFO = INCLUDE_SOURCE;
				MTL_FAST_MATH = YES;
				ONLY_ACTIVE_ARCH = YES;
				SDKROOT = iphoneos;
				SWIFT_ACTIVE_COMPILATION_CONDITIONS = DEBUG;
				SWIFT_OPTIMIZATION_LEVEL = "-Onone";
			};
			name = Debug;
		};
		4836EE6E26D9C6BA002D9B34 /* Release */ = {
			isa = XCBuildConfiguration;
			buildSettings = {
				ALWAYS_SEARCH_USER_PATHS = NO;
				CLANG_ANALYZER_NONNULL = YES;
				CLANG_ANALYZER_NUMBER_OBJECT_CONVERSION = YES_AGGRESSIVE;
				CLANG_CXX_LANGUAGE_STANDARD = "gnu++14";
				CLANG_CXX_LIBRARY = "libc++";
				CLANG_ENABLE_MODULES = YES;
				CLANG_ENABLE_OBJC_ARC = YES;
				CLANG_ENABLE_OBJC_WEAK = YES;
				CLANG_WARN_BLOCK_CAPTURE_AUTORELEASING = YES;
				CLANG_WARN_BOOL_CONVERSION = YES;
				CLANG_WARN_COMMA = YES;
				CLANG_WARN_CONSTANT_CONVERSION = YES;
				CLANG_WARN_DEPRECATED_OBJC_IMPLEMENTATIONS = YES;
				CLANG_WARN_DIRECT_OBJC_ISA_USAGE = YES_ERROR;
				CLANG_WARN_DOCUMENTATION_COMMENTS = YES;
				CLANG_WARN_EMPTY_BODY = YES;
				CLANG_WARN_ENUM_CONVERSION = YES;
				CLANG_WARN_INFINITE_RECURSION = YES;
				CLANG_WARN_INT_CONVERSION = YES;
				CLANG_WARN_NON_LITERAL_NULL_CONVERSION = YES;
				CLANG_WARN_OBJC_IMPLICIT_RETAIN_SELF = YES;
				CLANG_WARN_OBJC_LITERAL_CONVERSION = YES;
				CLANG_WARN_OBJC_ROOT_CLASS = YES_ERROR;
				CLANG_WARN_QUOTED_INCLUDE_IN_FRAMEWORK_HEADER = YES;
				CLANG_WARN_RANGE_LOOP_ANALYSIS = YES;
				CLANG_WARN_STRICT_PROTOTYPES = YES;
				CLANG_WARN_SUSPICIOUS_MOVE = YES;
				CLANG_WARN_UNGUARDED_AVAILABILITY = YES_AGGRESSIVE;
				CLANG_WARN_UNREACHABLE_CODE = YES;
				CLANG_WARN__DUPLICATE_METHOD_MATCH = YES;
				COPY_PHASE_STRIP = NO;
				DEBUG_INFORMATION_FORMAT = "dwarf-with-dsym";
				ENABLE_NS_ASSERTIONS = NO;
				ENABLE_STRICT_OBJC_MSGSEND = YES;
				GCC_C_LANGUAGE_STANDARD = gnu11;
				GCC_NO_COMMON_BLOCKS = YES;
				GCC_WARN_64_TO_32_BIT_CONVERSION = YES;
				GCC_WARN_ABOUT_RETURN_TYPE = YES_ERROR;
				GCC_WARN_UNDECLARED_SELECTOR = YES;
				GCC_WARN_UNINITIALIZED_AUTOS = YES_AGGRESSIVE;
				GCC_WARN_UNUSED_FUNCTION = YES;
				GCC_WARN_UNUSED_VARIABLE = YES;
				IPHONEOS_DEPLOYMENT_TARGET = 14.5;
				MTL_ENABLE_DEBUG_INFO = NO;
				MTL_FAST_MATH = YES;
				SDKROOT = iphoneos;
				SWIFT_COMPILATION_MODE = wholemodule;
				SWIFT_OPTIMIZATION_LEVEL = "-O";
				VALIDATE_PRODUCT = YES;
			};
			name = Release;
		};
		4836EE7026D9C6BA002D9B34 /* Debug */ = {
			isa = XCBuildConfiguration;
			buildSettings = {
				ASSETCATALOG_COMPILER_APPICON_NAME = AppIcon;
				ASSETCATALOG_COMPILER_GLOBAL_ACCENT_COLOR_NAME = AccentColor;
				CODE_SIGN_STYLE = Automatic;
				DEVELOPMENT_ASSET_PATHS = "\"BookInfo/Preview Content\"";
				DEVELOPMENT_TEAM = 48RG94V73S;
				ENABLE_PREVIEWS = YES;
				INFOPLIST_FILE = BookInfo/Info.plist;
				IPHONEOS_DEPLOYMENT_TARGET = 14.0;
				LD_RUNPATH_SEARCH_PATHS = (
					"$(inherited)",
					"@executable_path/Frameworks",
				);
				PRODUCT_BUNDLE_IDENTIFIER = BoostProgrmTeam4.BookInfo;
				PRODUCT_NAME = "$(TARGET_NAME)";
				SWIFT_VERSION = 5.0;
				TARGETED_DEVICE_FAMILY = "1,2";
			};
			name = Debug;
		};
		4836EE7126D9C6BA002D9B34 /* Release */ = {
			isa = XCBuildConfiguration;
			buildSettings = {
				ASSETCATALOG_COMPILER_APPICON_NAME = AppIcon;
				ASSETCATALOG_COMPILER_GLOBAL_ACCENT_COLOR_NAME = AccentColor;
				CODE_SIGN_STYLE = Automatic;
				DEVELOPMENT_ASSET_PATHS = "\"BookInfo/Preview Content\"";
				DEVELOPMENT_TEAM = 48RG94V73S;
				ENABLE_PREVIEWS = YES;
				INFOPLIST_FILE = BookInfo/Info.plist;
				IPHONEOS_DEPLOYMENT_TARGET = 14.0;
				LD_RUNPATH_SEARCH_PATHS = (
					"$(inherited)",
					"@executable_path/Frameworks",
				);
				PRODUCT_BUNDLE_IDENTIFIER = BoostProgrmTeam4.BookInfo;
				PRODUCT_NAME = "$(TARGET_NAME)";
				SWIFT_VERSION = 5.0;
				TARGETED_DEVICE_FAMILY = "1,2";
			};
			name = Release;
		};
		4836EE7326D9C6BA002D9B34 /* Debug */ = {
			isa = XCBuildConfiguration;
			buildSettings = {
				ALWAYS_EMBED_SWIFT_STANDARD_LIBRARIES = YES;
				BUNDLE_LOADER = "$(TEST_HOST)";
				CODE_SIGN_STYLE = Automatic;
				INFOPLIST_FILE = BookInfoTests/Info.plist;
				IPHONEOS_DEPLOYMENT_TARGET = 14.0;
				LD_RUNPATH_SEARCH_PATHS = (
					"$(inherited)",
					"@executable_path/Frameworks",
					"@loader_path/Frameworks",
				);
				PRODUCT_BUNDLE_IDENTIFIER = BoostProgrmTeam4.BookInfoTests;
				PRODUCT_NAME = "$(TARGET_NAME)";
				SWIFT_VERSION = 5.0;
				TARGETED_DEVICE_FAMILY = "1,2";
				TEST_HOST = "$(BUILT_PRODUCTS_DIR)/もしもBooks.app/もしもBooks";
			};
			name = Debug;
		};
		4836EE7426D9C6BA002D9B34 /* Release */ = {
			isa = XCBuildConfiguration;
			buildSettings = {
				ALWAYS_EMBED_SWIFT_STANDARD_LIBRARIES = YES;
				BUNDLE_LOADER = "$(TEST_HOST)";
				CODE_SIGN_STYLE = Automatic;
				INFOPLIST_FILE = BookInfoTests/Info.plist;
				IPHONEOS_DEPLOYMENT_TARGET = 14.0;
				LD_RUNPATH_SEARCH_PATHS = (
					"$(inherited)",
					"@executable_path/Frameworks",
					"@loader_path/Frameworks",
				);
				PRODUCT_BUNDLE_IDENTIFIER = BoostProgrmTeam4.BookInfoTests;
				PRODUCT_NAME = "$(TARGET_NAME)";
				SWIFT_VERSION = 5.0;
				TARGETED_DEVICE_FAMILY = "1,2";
				TEST_HOST = "$(BUILT_PRODUCTS_DIR)/もしもBooks.app/もしもBooks";
			};
			name = Release;
		};
		4836EE7626D9C6BA002D9B34 /* Debug */ = {
			isa = XCBuildConfiguration;
			buildSettings = {
				ALWAYS_EMBED_SWIFT_STANDARD_LIBRARIES = YES;
				CODE_SIGN_STYLE = Automatic;
				INFOPLIST_FILE = BookInfoUITests/Info.plist;
				LD_RUNPATH_SEARCH_PATHS = (
					"$(inherited)",
					"@executable_path/Frameworks",
					"@loader_path/Frameworks",
				);
				PRODUCT_BUNDLE_IDENTIFIER = BoostProgrmTeam4.BookInfoUITests;
				PRODUCT_NAME = "$(TARGET_NAME)";
				SWIFT_VERSION = 5.0;
				TARGETED_DEVICE_FAMILY = "1,2";
				TEST_TARGET_NAME = BookInfo;
			};
			name = Debug;
		};
		4836EE7726D9C6BA002D9B34 /* Release */ = {
			isa = XCBuildConfiguration;
			buildSettings = {
				ALWAYS_EMBED_SWIFT_STANDARD_LIBRARIES = YES;
				CODE_SIGN_STYLE = Automatic;
				INFOPLIST_FILE = BookInfoUITests/Info.plist;
				LD_RUNPATH_SEARCH_PATHS = (
					"$(inherited)",
					"@executable_path/Frameworks",
					"@loader_path/Frameworks",
				);
				PRODUCT_BUNDLE_IDENTIFIER = BoostProgrmTeam4.BookInfoUITests;
				PRODUCT_NAME = "$(TARGET_NAME)";
				SWIFT_VERSION = 5.0;
				TARGETED_DEVICE_FAMILY = "1,2";
				TEST_TARGET_NAME = BookInfo;
			};
			name = Release;
		};
/* End XCBuildConfiguration section */

/* Begin XCConfigurationList section */
		4836EE4526D9C6BA002D9B34 /* Build configuration list for PBXProject "もしもBooks" */ = {
			isa = XCConfigurationList;
			buildConfigurations = (
				4836EE6D26D9C6BA002D9B34 /* Debug */,
				4836EE6E26D9C6BA002D9B34 /* Release */,
			);
			defaultConfigurationIsVisible = 0;
			defaultConfigurationName = Release;
		};
		4836EE6F26D9C6BA002D9B34 /* Build configuration list for PBXNativeTarget "もしもBooks" */ = {
			isa = XCConfigurationList;
			buildConfigurations = (
				4836EE7026D9C6BA002D9B34 /* Debug */,
				4836EE7126D9C6BA002D9B34 /* Release */,
			);
			defaultConfigurationIsVisible = 0;
			defaultConfigurationName = Release;
		};
		4836EE7226D9C6BA002D9B34 /* Build configuration list for PBXNativeTarget "もしもBooksTests" */ = {
			isa = XCConfigurationList;
			buildConfigurations = (
				4836EE7326D9C6BA002D9B34 /* Debug */,
				4836EE7426D9C6BA002D9B34 /* Release */,
			);
			defaultConfigurationIsVisible = 0;
			defaultConfigurationName = Release;
		};
		4836EE7526D9C6BA002D9B34 /* Build configuration list for PBXNativeTarget "もしもBooksUITests" */ = {
			isa = XCConfigurationList;
			buildConfigurations = (
				4836EE7626D9C6BA002D9B34 /* Debug */,
				4836EE7726D9C6BA002D9B34 /* Release */,
			);
			defaultConfigurationIsVisible = 0;
			defaultConfigurationName = Release;
		};
/* End XCConfigurationList section */
	};
	rootObject = 4836EE4226D9C6B9002D9B34 /* Project object */;
}
